# THIS IS AN AUTOGENERATED FILE. DO NOT EDIT THIS FILE DIRECTLY.
# yarn lockfile v1


lodash@0.1:
  version "0.1.0"
  resolved "https://registry.yarnpkg.com/lodash/-/lodash-0.1.0.tgz#392617f69a947e40cec7848d85fcc3dd29d74bc5"
  integrity sha512-ufIfwX7g5obXKaJhzbnAJBNf5Idxqty+AHaNadWFxtNKjGmF/ZO8ptSEjQRQRymBPZtLa0NV9sbrsH87Ae2R1A==
