# THIS IS AN AUTOGENERATED FILE. DO NOT EDIT THIS FILE DIRECTLY.
# yarn lockfile v1


lodash@0.10:
  version "0.10.0"
  resolved "https://registry.yarnpkg.com/lodash/-/lodash-0.10.0.tgz#5254bbc2c46c827f535a27d631fd4f2bff374ce7"
  integrity sha512-v56iCcHwqxrkkFW08F6GFAEYjL/E7Exbk2HZKhaZJsogEMSqse9as4Zmx5fmci4ZCQ/UNVoFHGudYzONfGxANQ==
